// !$*UTF8*$!
{
	archiveVersion = 1;
	classes = {
	};
	objectVersion = 77;
	objects = {

/* Begin PBXBuildFile section */
		B24342C42F74621200F1B4B5 /* Assets.xcassets in Resources */ = {isa = PBXBuildFile; fileRef = B24342BF2F74621200F1B4B5 /* Assets.xcassets */; };
		B24342C52F74621200F1B4B5 /* ContentView.swift in Sources */ = {isa = PBXBuildFile; fileRef = B24342C02F74621200F1B4B5 /* ContentView.swift */; };
		B24342C62F74621200F1B4B5 /* SentimentLensApp.swift in Sources */ = {isa = PBXBuildFile; fileRef = B24342C12F74621200F1B4B5 /* SentimentLensApp.swift */; };
		B24342C72F74621200F1B4B5 /* socialMediaClassifierModel.mlmodel in Sources */ = {isa = PBXBuildFile; fileRef = B24342C22F74621200F1B4B5 /* socialMediaClassifierModel.mlmodel */; };
		B24342CB2F74627800F1B4B5 /* Review.swift in Sources */ = {isa = PBXBuildFile; fileRef = B24342CA2F74627800F1B4B5 /* Review.swift */; };
		B24342CD2F74629900F1B4B5 /* SentimentResult.swift in Sources */ = {isa = PBXBuildFile; fileRef = B24342CC2F74629900F1B4B5 /* SentimentResult.swift */; };
		B24342CF2F7462BD00F1B4B5 /* SentimentViewModel.swift in Sources */ = {isa = PBXBuildFile; fileRef = B24342CE2F7462BD00F1B4B5 /* SentimentViewModel.swift */; };
		B24342D22F7462EC00F1B4B5 /* SentimentEmojiView.swift in Sources */ = {isa = PBXBuildFile; fileRef = B24342D12F7462EC00F1B4B5 /* SentimentEmojiView.swift */; };
		B24342D42F74632900F1B4B5 /* SentimentBarView.swift in Sources */ = {isa = PBXBuildFile; fileRef = B24342D32F74632900F1B4B5 /* SentimentBarView.swift */; };
		B24342D72F74634D00F1B4B5 /* CSVParser.swift in Sources */ = {isa = PBXBuildFile; fileRef = B24342D62F74634D00F1B4B5 /* CSVParser.swift */; };
		B24342D92F74636300F1B4B5 /* SentimentAnalyzer.swift in Sources */ = {isa = PBXBuildFile; fileRef = B24342D82F74636300F1B4B5 /* SentimentAnalyzer.swift */; };
		B24342DC2F74639100F1B4B5 /* socialMediaReviews.csv in Resources */ = {isa = PBXBuildFile; fileRef = B24342DB2F74639100F1B4B5 /* socialMediaReviews.csv */; };
		B24342DF2F7463B900F1B4B5 /* String+Extensions.swift in Sources */ = {isa = PBXBuildFile; fileRef = B24342DE2F7463B900F1B4B5 /* String+Extensions.swift */; };
/* End PBXBuildFile section */

/* Begin PBXFileReference section */
		B24342AF2F7460FA00F1B4B5 /* SentimentLens.app */ = {isa = PBXFileReference; explicitFileType = wrapper.application; includeInIndex = 0; path = SentimentLens.app; sourceTree = BUILT_PRODUCTS_DIR; };
		B24342BF2F74621200F1B4B5 /* Assets.xcassets */ = {isa = PBXFileReference; lastKnownFileType = folder.assetcatalog; path = Assets.xcassets; sourceTree = "<group>"; };
		B24342C02F74621200F1B4B5 /* ContentView.swift */ = {isa = PBXFileReference; lastKnownFileType = sourcecode.swift; path = ContentView.swift; sourceTree = "<group>"; };
		B24342C12F74621200F1B4B5 /* SentimentLensApp.swift */ = {isa = PBXFileReference; lastKnownFileType = sourcecode.swift; path = SentimentLensApp.swift; sourceTree = "<group>"; };
		B24342C22F74621200F1B4B5 /* socialMediaClassifierModel.mlmodel */ = {isa = PBXFileReference; lastKnownFileType = file.mlmodel; path = socialMediaClassifierModel.mlmodel; sourceTree = "<group>"; };
		B24342CA2F74627800F1B4B5 /* Review.swift */ = {isa = PBXFileReference; lastKnownFileType = sourcecode.swift; path = Review.swift; sourceTree = "<group>"; };
		B24342CC2F74629900F1B4B5 /* SentimentResult.swift */ = {isa = PBXFileReference; lastKnownFileType = sourcecode.swift; path = SentimentResult.swift; sourceTree = "<group>"; };
		B24342CE2F7462BD00F1B4B5 /* SentimentViewModel.swift */ = {isa = PBXFileReference; lastKnownFileType = sourcecode.swift; path = SentimentViewModel.swift; sourceTree = "<group>"; };
		B24342D12F7462EC00F1B4B5 /* SentimentEmojiView.swift */ = {isa = PBXFileReference; lastKnownFileType = sourcecode.swift; path = SentimentEmojiView.swift; sourceTree = "<group>"; };
		B24342D32F74632900F1B4B5 /* SentimentBarView.swift */ = {isa = PBXFileReference; lastKnownFileType = sourcecode.swift; path = SentimentBarView.swift; sourceTree = "<group>"; };
		B24342D62F74634D00F1B4B5 /* CSVParser.swift */ = {isa = PBXFileReference; lastKnownFileType = sourcecode.swift; path = CSVParser.swift; sourceTree = "<group>"; };
		B24342D82F74636300F1B4B5 /* SentimentAnalyzer.swift */ = {isa = PBXFileReference; lastKnownFileType = sourcecode.swift; path = SentimentAnalyzer.swift; sourceTree = "<group>"; };
		B24342DB2F74639100F1B4B5 /* socialMediaReviews.csv */ = {isa = PBXFileReference; lastKnownFileType = text; path = socialMediaReviews.csv; sourceTree = "<group>"; };
		B24342DE2F7463B900F1B4B5 /* String+Extensions.swift */ = {isa = PBXFileReference; lastKnownFileType = sourcecode.swift; path = "String+Extensions.swift"; sourceTree = "<group>"; };
/* End PBXFileReference section */

/* Begin PBXFrameworksBuildPhase section */
		B24342AC2F7460FA00F1B4B5 /* Frameworks */ = {
			isa = PBXFrameworksBuildPhase;
			buildActionMask = 2147483647;
			files = (
			);
			runOnlyForDeploymentPostprocessing = 0;
		};
/* End PBXFrameworksBuildPhase section */

/* Begin PBXGroup section */
		B24342A62F7460FA00F1B4B5 = {
			isa = PBXGroup;
			children = (
				B24342C32F74621200F1B4B5 /* SentimentLens */,
				B24342B02F7460FA00F1B4B5 /* Products */,
			);
			sourceTree = "<group>";
		};
		B24342B02F7460FA00F1B4B5 /* Products */ = {
			isa = PBXGroup;
			children = (
				B24342AF2F7460FA00F1B4B5 /* SentimentLens.app */,
			);
			name = Products;
			sourceTree = "<group>";
		};
		B24342C32F74621200F1B4B5 /* SentimentLens */ = {
			isa = PBXGroup;
			children = (
				B24342DD2F7463A300F1B4B5 /* Extensions */,
				B24342DA2F74637D00F1B4B5 /* Resources */,
				B24342D52F74633500F1B4B5 /* Services */,
				B24342D02F7462C500F1B4B5 /* Views */,
				B24342C92F74624600F1B4B5 /* ViewModels */,
				B24342C82F74622000F1B4B5 /* Models */,
				B24342BF2F74621200F1B4B5 /* Assets.xcassets */,
				B24342C12F74621200F1B4B5 /* SentimentLensApp.swift */,
			);
			path = SentimentLens;
			sourceTree = "<group>";
		};
		B24342C82F74622000F1B4B5 /* Models */ = {
			isa = PBXGroup;
			children = (
				B24342C22F74621200F1B4B5 /* socialMediaClassifierModel.mlmodel */,
				B24342CA2F74627800F1B4B5 /* Review.swift */,
				B24342CC2F74629900F1B4B5 /* SentimentResult.swift */,
			);
			path = Models;
			sourceTree = "<group>";
		};
		B24342C92F74624600F1B4B5 /* ViewModels */ = {
			isa = PBXGroup;
			children = (
				B24342CE2F7462BD00F1B4B5 /* SentimentViewModel.swift */,
			);
			path = ViewModels;
			sourceTree = "<group>";
		};
		B24342D02F7462C500F1B4B5 /* Views */ = {
			isa = PBXGroup;
			children = (
				B24342C02F74621200F1B4B5 /* ContentView.swift */,
				B24342D12F7462EC00F1B4B5 /* SentimentEmojiView.swift */,
				B24342D32F74632900F1B4B5 /* SentimentBarView.swift */,
			);
			path = Views;
			sourceTree = "<group>";
		};
		B24342D52F74633500F1B4B5 /* Services */ = {
			isa = PBXGroup;
			children = (
				B24342D62F74634D00F1B4B5 /* CSVParser.swift */,
				B24342D82F74636300F1B4B5 /* SentimentAnalyzer.swift */,
			);
			path = Services;
			sourceTree = "<group>";
		};
		B24342DA2F74637D00F1B4B5 /* Resources */ = {
			isa = PBXGroup;
			children = (
				B24342DB2F74639100F1B4B5 /* socialMediaReviews.csv */,
			);
			path = Resources;
			sourceTree = "<group>";
		};
		B24342DD2F7463A300F1B4B5 /* Extensions */ = {
			isa = PBXGroup;
			children = (
				B24342DE2F7463B900F1B4B5 /* String+Extensions.swift */,
			);
			path = Extensions;
			sourceTree = "<group>";
		};
/* End PBXGroup section */

/* Begin PBXNativeTarget section */
		B24342AE2F7460FA00F1B4B5 /* SentimentLens */ = {
			isa = PBXNativeTarget;
			buildConfigurationList = B24342BA2F7460FC00F1B4B5 /* Build configuration list for PBXNativeTarget "SentimentLens" */;
			buildPhases = (
				B24342AB2F7460FA00F1B4B5 /* Sources */,
				B24342AC2F7460FA00F1B4B5 /* Frameworks */,
				B24342AD2F7460FA00F1B4B5 /* Resources */,
			);
			buildRules = (
			);
			dependencies = (
			);
			name = SentimentLens;
			packageProductDependencies = (
			);
			productName = SentimentLens;
			productReference = B24342AF2F7460FA00F1B4B5 /* SentimentLens.app */;
			productType = "com.apple.product-type.application";
		};
/* End PBXNativeTarget section */

/* Begin PBXProject section */
		B24342A72F7460FA00F1B4B5 /* Project object */ = {
			isa = PBXProject;
			attributes = {
				BuildIndependentTargetsInParallel = 1;
				LastSwiftUpdateCheck = 2630;
				LastUpgradeCheck = 2630;
				TargetAttributes = {
					B24342AE2F7460FA00F1B4B5 = {
						CreatedOnToolsVersion = 26.3;
					};
				};
			};
			buildConfigurationList = B24342AA2F7460FA00F1B4B5 /* Build configuration list for PBXProject "SentimentLens" */;
			developmentRegion = en;
			hasScannedForEncodings = 0;
			knownRegions = (
				en,
				Base,
			);
			mainGroup = B24342A62F7460FA00F1B4B5;
			minimizedProjectReferenceProxies = 1;
			preferredProjectObjectVersion = 77;
			productRefGroup = B24342B02F7460FA00F1B4B5 /* Products */;
			projectDirPath = "";
			projectRoot = "";
			targets = (
				B24342AE2F7460FA00F1B4B5 /* SentimentLens */,
			);
		};
/* End PBXProject section */

/* Begin PBXResourcesBuildPhase section */
		B24342AD2F7460FA00F1B4B5 /* Resources */ = {
			isa = PBXResourcesBuildPhase;
			buildActionMask = 2147483647;
			files = (
				B24342DC2F74639100F1B4B5 /* socialMediaReviews.csv in Resources */,
				B24342C42F74621200F1B4B5 /* Assets.xcassets in Resources */,
			);
			runOnlyForDeploymentPostprocessing = 0;
		};
/* End PBXResourcesBuildPhase section */

/* Begin PBXSourcesBuildPhase section */
		B24342AB2F7460FA00F1B4B5 /* Sources */ = {
			isa = PBXSourcesBuildPhase;
			buildActionMask = 2147483647;
			files = (
				B24342D42F74632900F1B4B5 /* SentimentBarView.swift in Sources */,
				B24342DF2F7463B900F1B4B5 /* String+Extensions.swift in Sources */,
				B24342C52F74621200F1B4B5 /* ContentView.swift in Sources */,
				B24342D72F74634D00F1B4B5 /* CSVParser.swift in Sources */,
				B24342CB2F74627800F1B4B5 /* Review.swift in Sources */,
				B24342CF2F7462BD00F1B4B5 /* SentimentViewModel.swift in Sources */,
				B24342C62F74621200F1B4B5 /* SentimentLensApp.swift in Sources */,
				B24342CD2F74629900F1B4B5 /* SentimentResult.swift in Sources */,
				B24342D22F7462EC00F1B4B5 /* SentimentEmojiView.swift in Sources */,
				B24342C72F74621200F1B4B5 /* socialMediaClassifierModel.mlmodel in Sources */,
				B24342D92F74636300F1B4B5 /* SentimentAnalyzer.swift in Sources */,
			);
			runOnlyForDeploymentPostprocessing = 0;
		};
/* End PBXSourcesBuildPhase section */

/* Begin XCBuildConfiguration section */
		B24342B82F7460FC00F1B4B5 /* Debug */ = {
			isa = XCBuildConfiguration;
			buildSettings = {
				ALWAYS_SEARCH_USER_PATHS = NO;
				ASSETCATALOG_COMPILER_GENERATE_SWIFT_ASSET_SYMBOL_EXTENSIONS = YES;
				CLANG_ANALYZER_NONNULL = YES;
				CLANG_ANALYZER_NUMBER_OBJECT_CONVERSION = YES_AGGRESSIVE;
				CLANG_CXX_LANGUAGE_STANDARD = "gnu++20";
				CLANG_ENABLE_MODULES = YES;
				CLANG_ENABLE_OBJC_ARC = YES;
				CLANG_ENABLE_OBJC_WEAK = YES;
				CLANG_WARN_BLOCK_CAPTURE_AUTORELEASING = YES;
				CLANG_WARN_BOOL_CONVERSION = YES;
				CLANG_WARN_COMMA = YES;
				CLANG_WARN_CONSTANT_CONVERSION = YES;
				CLANG_WARN_DEPRECATED_OBJC_IMPLEMENTATIONS = YES;
				CLANG_WARN_DIRECT_OBJC_ISA_USAGE = YES_ERROR;
				CLANG_WARN_DOCUMENTATION_COMMENTS = YES;
				CLANG_WARN_EMPTY_BODY = YES;
				CLANG_WARN_ENUM_CONVERSION = YES;
				CLANG_WARN_INFINITE_RECURSION = YES;
				CLANG_WARN_INT_CONVERSION = YES;
				CLANG_WARN_NON_LITERAL_NULL_CONVERSION = YES;
				CLANG_WARN_OBJC_IMPLICIT_RETAIN_SELF = YES;
				CLANG_WARN_OBJC_LITERAL_CONVERSION = YES;
				CLANG_WARN_OBJC_ROOT_CLASS = YES_ERROR;
				CLANG_WARN_QUOTED_INCLUDE_IN_FRAMEWORK_HEADER = YES;
				CLANG_WARN_RANGE_LOOP_ANALYSIS = YES;
				CLANG_WARN_STRICT_PROTOTYPES = YES;
				CLANG_WARN_SUSPICIOUS_MOVE = YES;
				CLANG_WARN_UNGUARDED_AVAILABILITY = YES_AGGRESSIVE;
				CLANG_WARN_UNREACHABLE_CODE = YES;
				CLANG_WARN__DUPLICATE_METHOD_MATCH = YES;
				COPY_PHASE_STRIP = NO;
				DEBUG_INFORMATION_FORMAT = dwarf;
				DEVELOPMENT_TEAM = 5W8NUH4ZAU;
				ENABLE_STRICT_OBJC_MSGSEND = YES;
				ENABLE_TESTABILITY = YES;
				ENABLE_USER_SCRIPT_SANDBOXING = YES;
				GCC_C_LANGUAGE_STANDARD = gnu17;
				GCC_DYNAMIC_NO_PIC = NO;
				GCC_NO_COMMON_BLOCKS = YES;
				GCC_OPTIMIZATION_LEVEL = 0;
				GCC_PREPROCESSOR_DEFINITIONS = (
					"DEBUG=1",
					"$(inherited)",
				);
				GCC_WARN_64_TO_32_BIT_CONVERSION = YES;
				GCC_WARN_ABOUT_RETURN_TYPE = YES_ERROR;
				GCC_WARN_UNDECLARED_SELECTOR = YES;
				GCC_WARN_UNINITIALIZED_AUTOS = YES_AGGRESSIVE;
				GCC_WARN_UNUSED_FUNCTION = YES;
				GCC_WARN_UNUSED_VARIABLE = YES;
				IPHONEOS_DEPLOYMENT_TARGET = 26.2;
				LOCALIZATION_PREFERS_STRING_CATALOGS = YES;
				MTL_ENABLE_DEBUG_INFO = INCLUDE_SOURCE;
				MTL_FAST_MATH = YES;
				ONLY_ACTIVE_ARCH = YES;
				SDKROOT = iphoneos;
				SWIFT_ACTIVE_COMPILATION_CONDITIONS = "DEBUG $(inherited)";
				SWIFT_OPTIMIZATION_LEVEL = "-Onone";
			};
			name = Debug;
		};
		B24342B92F7460FC00F1B4B5 /* Release */ = {
			isa = XCBuildConfiguration;
			buildSettings = {
				ALWAYS_SEARCH_USER_PATHS = NO;
				ASSETCATALOG_COMPILER_GENERATE_SWIFT_ASSET_SYMBOL_EXTENSIONS = YES;
				CLANG_ANALYZER_NONNULL = YES;
				CLANG_ANALYZER_NUMBER_OBJECT_CONVERSION = YES_AGGRESSIVE;
				CLANG_CXX_LANGUAGE_STANDARD = "gnu++20";
				CLANG_ENABLE_MODULES = YES;
				CLANG_ENABLE_OBJC_ARC = YES;
				CLANG_ENABLE_OBJC_WEAK = YES;
				CLANG_WARN_BLOCK_CAPTURE_AUTORELEASING = YES;
				CLANG_WARN_BOOL_CONVERSION = YES;
				CLANG_WARN_COMMA = YES;
				CLANG_WARN_CONSTANT_CONVERSION = YES;
				CLANG_WARN_DEPRECATED_OBJC_IMPLEMENTATIONS = YES;
				CLANG_WARN_DIRECT_OBJC_ISA_USAGE = YES_ERROR;
				CLANG_WARN_DOCUMENTATION_COMMENTS = YES;
				CLANG_WARN_EMPTY_BODY = YES;
				CLANG_WARN_ENUM_CONVERSION = YES;
				CLANG_WARN_INFINITE_RECURSION = YES;
				CLANG_WARN_INT_CONVERSION = YES;
				CLANG_WARN_NON_LITERAL_NULL_CONVERSION = YES;
				CLANG_WARN_OBJC_IMPLICIT_RETAIN_SELF = YES;
				CLANG_WARN_OBJC_LITERAL_CONVERSION = YES;
				CLANG_WARN_OBJC_ROOT_CLASS = YES_ERROR;
				CLANG_WARN_QUOTED_INCLUDE_IN_FRAMEWORK_HEADER = YES;
				CLANG_WARN_RANGE_LOOP_ANALYSIS = YES;
				CLANG_WARN_STRICT_PROTOTYPES = YES;
				CLANG_WARN_SUSPICIOUS_MOVE = YES;
				CLANG_WARN_UNGUARDED_AVAILABILITY = YES_AGGRESSIVE;
				CLANG_WARN_UNREACHABLE_CODE = YES;
				CLANG_WARN__DUPLICATE_METHOD_MATCH = YES;
				COPY_PHASE_STRIP = NO;
				DEBUG_INFORMATION_FORMAT = "dwarf-with-dsym";
				DEVELOPMENT_TEAM = 5W8NUH4ZAU;
				ENABLE_NS_ASSERTIONS = NO;
				ENABLE_STRICT_OBJC_MSGSEND = YES;
				ENABLE_USER_SCRIPT_SANDBOXING = YES;
				GCC_C_LANGUAGE_STANDARD = gnu17;
				GCC_NO_COMMON_BLOCKS = YES;
				GCC_WARN_64_TO_32_BIT_CONVERSION = YES;
				GCC_WARN_ABOUT_RETURN_TYPE = YES_ERROR;
				GCC_WARN_UNDECLARED_SELECTOR = YES;
				GCC_WARN_UNINITIALIZED_AUTOS = YES_AGGRESSIVE;
				GCC_WARN_UNUSED_FUNCTION = YES;
				GCC_WARN_UNUSED_VARIABLE = YES;
				IPHONEOS_DEPLOYMENT_TARGET = 26.2;
				LOCALIZATION_PREFERS_STRING_CATALOGS = YES;
				MTL_ENABLE_DEBUG_INFO = NO;
				MTL_FAST_MATH = YES;
				SDKROOT = iphoneos;
				SWIFT_COMPILATION_MODE = wholemodule;
				VALIDATE_PRODUCT = YES;
			};
			name = Release;
		};
		B24342BB2F7460FC00F1B4B5 /* Debug */ = {
			isa = XCBuildConfiguration;
			buildSettings = {
				ASSETCATALOG_COMPILER_APPICON_NAME = AppIcon;
				ASSETCATALOG_COMPILER_GLOBAL_ACCENT_COLOR_NAME = AccentColor;
				CODE_SIGN_STYLE = Automatic;
				CURRENT_PROJECT_VERSION = 1;
				DEVELOPMENT_TEAM = 5W8NUH4ZAU;
				ENABLE_PREVIEWS = YES;
				GENERATE_INFOPLIST_FILE = YES;
				INFOPLIST_KEY_UIApplicationSceneManifest_Generation = YES;
				INFOPLIST_KEY_UIApplicationSupportsIndirectInputEvents = YES;
				INFOPLIST_KEY_UILaunchScreen_Generation = YES;
				INFOPLIST_KEY_UISupportedInterfaceOrientations_iPad = "UIInterfaceOrientationPortrait UIInterfaceOrientationPortraitUpsideDown UIInterfaceOrientationLandscapeLeft UIInterfaceOrientationLandscapeRight";
				INFOPLIST_KEY_UISupportedInterfaceOrientations_iPhone = "UIInterfaceOrientationPortrait UIInterfaceOrientationLandscapeLeft UIInterfaceOrientationLandscapeRight";
				LD_RUNPATH_SEARCH_PATHS = (
					"$(inherited)",
					"@executable_path/Frameworks",
				);
				MARKETING_VERSION = 1.0;
				PRODUCT_BUNDLE_IDENTIFIER = test.muttineer.SentimentLens;
				PRODUCT_NAME = "$(TARGET_NAME)";
				STRING_CATALOG_GENERATE_SYMBOLS = YES;
				SWIFT_APPROACHABLE_CONCURRENCY = YES;
				SWIFT_DEFAULT_ACTOR_ISOLATION = MainActor;
				SWIFT_EMIT_LOC_STRINGS = YES;
				SWIFT_UPCOMING_FEATURE_MEMBER_IMPORT_VISIBILITY = YES;
				SWIFT_VERSION = 5.0;
				TARGETED_DEVICE_FAMILY = "1,2";
			};
			name = Debug;
		};
		B24342BC2F7460FC00F1B4B5 /* Release */ = {
			isa = XCBuildConfiguration;
			buildSettings = {
				ASSETCATALOG_COMPILER_APPICON_NAME = AppIcon;
				ASSETCATALOG_COMPILER_GLOBAL_ACCENT_COLOR_NAME = AccentColor;
				CODE_SIGN_STYLE = Automatic;
				CURRENT_PROJECT_VERSION = 1;
				DEVELOPMENT_TEAM = 5W8NUH4ZAU;
				ENABLE_PREVIEWS = YES;
				GENERATE_INFOPLIST_FILE = YES;
				INFOPLIST_KEY_UIApplicationSceneManifest_Generation = YES;
				INFOPLIST_KEY_UIApplicationSupportsIndirectInputEvents = YES;
				INFOPLIST_KEY_UILaunchScreen_Generation = YES;
				INFOPLIST_KEY_UISupportedInterfaceOrientations_iPad = "UIInterfaceOrientationPortrait UIInterfaceOrientationPortraitUpsideDown UIInterfaceOrientationLandscapeLeft UIInterfaceOrientationLandscapeRight";
				INFOPLIST_KEY_UISupportedInterfaceOrientations_iPhone = "UIInterfaceOrientationPortrait UIInterfaceOrientationLandscapeLeft UIInterfaceOrientationLandscapeRight";
				LD_RUNPATH_SEARCH_PATHS = (
					"$(inherited)",
					"@executable_path/Frameworks",
				);
				MARKETING_VERSION = 1.0;
				PRODUCT_BUNDLE_IDENTIFIER = test.muttineer.SentimentLens;
				PRODUCT_NAME = "$(TARGET_NAME)";
				STRING_CATALOG_GENERATE_SYMBOLS = YES;
				SWIFT_APPROACHABLE_CONCURRENCY = YES;
				SWIFT_DEFAULT_ACTOR_ISOLATION = MainActor;
				SWIFT_EMIT_LOC_STRINGS = YES;
				SWIFT_UPCOMING_FEATURE_MEMBER_IMPORT_VISIBILITY = YES;
				SWIFT_VERSION = 5.0;
				TARGETED_DEVICE_FAMILY = "1,2";
			};
			name = Release;
		};
/* End XCBuildConfiguration section */

/* Begin XCConfigurationList section */
		B24342AA2F7460FA00F1B4B5 /* Build configuration list for PBXProject "SentimentLens" */ = {
			isa = XCConfigurationList;
			buildConfigurations = (
				B24342B82F7460FC00F1B4B5 /* Debug */,
				B24342B92F7460FC00F1B4B5 /* Release */,
			);
			defaultConfigurationIsVisible = 0;
			defaultConfigurationName = Release;
		};
		B24342BA2F7460FC00F1B4B5 /* Build configuration list for PBXNativeTarget "SentimentLens" */ = {
			isa = XCConfigurationList;
			buildConfigurations = (
				B24342BB2F7460FC00F1B4B5 /* Debug */,
				B24342BC2F7460FC00F1B4B5 /* Release */,
			);
			defaultConfigurationIsVisible = 0;
			defaultConfigurationName = Release;
		};
/* End XCConfigurationList section */
	};
	rootObject = B24342A72F7460FA00F1B4B5 /* Project object */;
}
